// !$*UTF8*$!
{
	archiveVersion = 1;
	classes = {
	};
	objectVersion = 56;
	objects = {

/* Begin PBXBuildFile section */
		3312AC582B5FDD79006A2827 /* Color-Theme.swift in Sources */ = {isa = PBXBuildFile; fileRef = 3312AC572B5FDD79006A2827 /* Color-Theme.swift */; };
		3312AC5A2B5FEFA1006A2827 /* MissionView.swift in Sources */ = {isa = PBXBuildFile; fileRef = 3312AC592B5FEFA1006A2827 /* MissionView.swift */; };
		3312AC5C2B5FF7BA006A2827 /* AstronautView.swift in Sources */ = {isa = PBXBuildFile; fileRef = 3312AC5B2B5FF7BA006A2827 /* AstronautView.swift */; };
		3323A1B62B5DB0AE002C600D /* MoonshotApp.swift in Sources */ = {isa = PBXBuildFile; fileRef = 3323A1B52B5DB0AE002C600D /* MoonshotApp.swift */; };
		3323A1B82B5DB0AE002C600D /* ContentView.swift in Sources */ = {isa = PBXBuildFile; fileRef = 3323A1B72B5DB0AE002C600D /* ContentView.swift */; };
		3323A1BA2B5DB0B2002C600D /* Assets.xcassets in Resources */ = {isa = PBXBuildFile; fileRef = 3323A1B92B5DB0B2002C600D /* Assets.xcassets */; };
		3323A1BD2B5DB0B2002C600D /* Preview Assets.xcassets in Resources */ = {isa = PBXBuildFile; fileRef = 3323A1BC2B5DB0B2002C600D /* Preview Assets.xcassets */; };
		3323A1C42B5DB87A002C600D /* ScalingImageView.swift in Sources */ = {isa = PBXBuildFile; fileRef = 3323A1C32B5DB87A002C600D /* ScalingImageView.swift */; };
		3323A1C62B5DBEBE002C600D /* DecodingJSONView.swift in Sources */ = {isa = PBXBuildFile; fileRef = 3323A1C52B5DBEBE002C600D /* DecodingJSONView.swift */; };
		33B7D4362B5EBD9300BBCC4F /* FlexibleGridView.swift in Sources */ = {isa = PBXBuildFile; fileRef = 33B7D4352B5EBD9300BBCC4F /* FlexibleGridView.swift */; };
		33B7D4392B5EBE9300BBCC4F /* missions.json in Resources */ = {isa = PBXBuildFile; fileRef = 33B7D4372B5EBE9300BBCC4F /* missions.json */; };
		33B7D43A2B5EBE9300BBCC4F /* astronauts.json in Resources */ = {isa = PBXBuildFile; fileRef = 33B7D4382B5EBE9300BBCC4F /* astronauts.json */; };
		33B7D43C2B5EBEFF00BBCC4F /* Astronaut.swift in Sources */ = {isa = PBXBuildFile; fileRef = 33B7D43B2B5EBEFF00BBCC4F /* Astronaut.swift */; };
		33B7D43E2B5EBF7400BBCC4F /* Bundle-Decodable.swift in Sources */ = {isa = PBXBuildFile; fileRef = 33B7D43D2B5EBF7400BBCC4F /* Bundle-Decodable.swift */; };
		33B7D4402B5EC16900BBCC4F /* Mission.swift in Sources */ = {isa = PBXBuildFile; fileRef = 33B7D43F2B5EC16900BBCC4F /* Mission.swift */; };
/* End PBXBuildFile section */

/* Begin PBXFileReference section */
		3312AC572B5FDD79006A2827 /* Color-Theme.swift */ = {isa = PBXFileReference; lastKnownFileType = sourcecode.swift; path = "Color-Theme.swift"; sourceTree = "<group>"; };
		3312AC592B5FEFA1006A2827 /* MissionView.swift */ = {isa = PBXFileReference; lastKnownFileType = sourcecode.swift; path = MissionView.swift; sourceTree = "<group>"; };
		3312AC5B2B5FF7BA006A2827 /* AstronautView.swift */ = {isa = PBXFileReference; lastKnownFileType = sourcecode.swift; path = AstronautView.swift; sourceTree = "<group>"; };
		3323A1B22B5DB0AE002C600D /* Moonshot.app */ = {isa = PBXFileReference; explicitFileType = wrapper.application; includeInIndex = 0; path = Moonshot.app; sourceTree = BUILT_PRODUCTS_DIR; };
		3323A1B52B5DB0AE002C600D /* MoonshotApp.swift */ = {isa = PBXFileReference; lastKnownFileType = sourcecode.swift; path = MoonshotApp.swift; sourceTree = "<group>"; };
		3323A1B72B5DB0AE002C600D /* ContentView.swift */ = {isa = PBXFileReference; lastKnownFileType = sourcecode.swift; path = ContentView.swift; sourceTree = "<group>"; };
		3323A1B92B5DB0B2002C600D /* Assets.xcassets */ = {isa = PBXFileReference; lastKnownFileType = folder.assetcatalog; path = Assets.xcassets; sourceTree = "<group>"; };
		3323A1BC2B5DB0B2002C600D /* Preview Assets.xcassets */ = {isa = PBXFileReference; lastKnownFileType = folder.assetcatalog; path = "Preview Assets.xcassets"; sourceTree = "<group>"; };
		3323A1C32B5DB87A002C600D /* ScalingImageView.swift */ = {isa = PBXFileReference; lastKnownFileType = sourcecode.swift; path = ScalingImageView.swift; sourceTree = "<group>"; };
		3323A1C52B5DBEBE002C600D /* DecodingJSONView.swift */ = {isa = PBXFileReference; lastKnownFileType = sourcecode.swift; path = DecodingJSONView.swift; sourceTree = "<group>"; };
		33B7D4352B5EBD9300BBCC4F /* FlexibleGridView.swift */ = {isa = PBXFileReference; lastKnownFileType = sourcecode.swift; path = FlexibleGridView.swift; sourceTree = "<group>"; };
		33B7D4372B5EBE9300BBCC4F /* missions.json */ = {isa = PBXFileReference; fileEncoding = 4; lastKnownFileType = text.json; path = missions.json; sourceTree = "<group>"; };
		33B7D4382B5EBE9300BBCC4F /* astronauts.json */ = {isa = PBXFileReference; fileEncoding = 4; lastKnownFileType = text.json; path = astronauts.json; sourceTree = "<group>"; };
		33B7D43B2B5EBEFF00BBCC4F /* Astronaut.swift */ = {isa = PBXFileReference; lastKnownFileType = sourcecode.swift; path = Astronaut.swift; sourceTree = "<group>"; };
		33B7D43D2B5EBF7400BBCC4F /* Bundle-Decodable.swift */ = {isa = PBXFileReference; lastKnownFileType = sourcecode.swift; path = "Bundle-Decodable.swift"; sourceTree = "<group>"; };
		33B7D43F2B5EC16900BBCC4F /* Mission.swift */ = {isa = PBXFileReference; lastKnownFileType = sourcecode.swift; path = Mission.swift; sourceTree = "<group>"; };
/* End PBXFileReference section */

/* Begin PBXFrameworksBuildPhase section */
		3323A1AF2B5DB0AE002C600D /* Frameworks */ = {
			isa = PBXFrameworksBuildPhase;
			buildActionMask = 2147483647;
			files = (
			);
			runOnlyForDeploymentPostprocessing = 0;
		};
/* End PBXFrameworksBuildPhase section */

/* Begin PBXGroup section */
		3323A1A92B5DB0AE002C600D = {
			isa = PBXGroup;
			children = (
				3323A1B42B5DB0AE002C600D /* Moonshot */,
				3323A1B32B5DB0AE002C600D /* Products */,
			);
			sourceTree = "<group>";
		};
		3323A1B32B5DB0AE002C600D /* Products */ = {
			isa = PBXGroup;
			children = (
				3323A1B22B5DB0AE002C600D /* Moonshot.app */,
			);
			name = Products;
			sourceTree = "<group>";
		};
		3323A1B42B5DB0AE002C600D /* Moonshot */ = {
			isa = PBXGroup;
			children = (
				3323A1B52B5DB0AE002C600D /* MoonshotApp.swift */,
				3323A1B72B5DB0AE002C600D /* ContentView.swift */,
				3312AC592B5FEFA1006A2827 /* MissionView.swift */,
				3312AC5B2B5FF7BA006A2827 /* AstronautView.swift */,
				33B7D43F2B5EC16900BBCC4F /* Mission.swift */,
				33B7D43B2B5EBEFF00BBCC4F /* Astronaut.swift */,
				33B7D43D2B5EBF7400BBCC4F /* Bundle-Decodable.swift */,
				33B7D4382B5EBE9300BBCC4F /* astronauts.json */,
				33B7D4372B5EBE9300BBCC4F /* missions.json */,
				3323A1B92B5DB0B2002C600D /* Assets.xcassets */,
				3312AC572B5FDD79006A2827 /* Color-Theme.swift */,
				3323A1BB2B5DB0B2002C600D /* Preview Content */,
				33B7D4342B5EBD4400BBCC4F /* Exercises */,
			);
			path = Moonshot;
			sourceTree = "<group>";
		};
		3323A1BB2B5DB0B2002C600D /* Preview Content */ = {
			isa = PBXGroup;
			children = (
				3323A1BC2B5DB0B2002C600D /* Preview Assets.xcassets */,
			);
			path = "Preview Content";
			sourceTree = "<group>";
		};
		33B7D4342B5EBD4400BBCC4F /* Exercises */ = {
			isa = PBXGroup;
			children = (
				3323A1C32B5DB87A002C600D /* ScalingImageView.swift */,
				3323A1C52B5DBEBE002C600D /* DecodingJSONView.swift */,
				33B7D4352B5EBD9300BBCC4F /* FlexibleGridView.swift */,
			);
			path = Exercises;
			sourceTree = "<group>";
		};
/* End PBXGroup section */

/* Begin PBXNativeTarget section */
		3323A1B12B5DB0AE002C600D /* Moonshot */ = {
			isa = PBXNativeTarget;
			buildConfigurationList = 3323A1C02B5DB0B2002C600D /* Build configuration list for PBXNativeTarget "Moonshot" */;
			buildPhases = (
				3323A1AE2B5DB0AE002C600D /* Sources */,
				3323A1AF2B5DB0AE002C600D /* Frameworks */,
				3323A1B02B5DB0AE002C600D /* Resources */,
			);
			buildRules = (
			);
			dependencies = (
			);
			name = Moonshot;
			productName = Moonshot;
			productReference = 3323A1B22B5DB0AE002C600D /* Moonshot.app */;
			productType = "com.apple.product-type.application";
		};
/* End PBXNativeTarget section */

/* Begin PBXProject section */
		3323A1AA2B5DB0AE002C600D /* Project object */ = {
			isa = PBXProject;
			attributes = {
				BuildIndependentTargetsInParallel = 1;
				LastSwiftUpdateCheck = 1520;
				LastUpgradeCheck = 1520;
				TargetAttributes = {
					3323A1B12B5DB0AE002C600D = {
						CreatedOnToolsVersion = 15.2;
					};
				};
			};
			buildConfigurationList = 3323A1AD2B5DB0AE002C600D /* Build configuration list for PBXProject "Moonshot" */;
			compatibilityVersion = "Xcode 14.0";
			developmentRegion = en;
			hasScannedForEncodings = 0;
			knownRegions = (
				en,
				Base,
			);
			mainGroup = 3323A1A92B5DB0AE002C600D;
			productRefGroup = 3323A1B32B5DB0AE002C600D /* Products */;
			projectDirPath = "";
			projectRoot = "";
			targets = (
				3323A1B12B5DB0AE002C600D /* Moonshot */,
			);
		};
/* End PBXProject section */

/* Begin PBXResourcesBuildPhase section */
		3323A1B02B5DB0AE002C600D /* Resources */ = {
			isa = PBXResourcesBuildPhase;
			buildActionMask = 2147483647;
			files = (
				3323A1BD2B5DB0B2002C600D /* Preview Assets.xcassets in Resources */,
				33B7D4392B5EBE9300BBCC4F /* missions.json in Resources */,
				3323A1BA2B5DB0B2002C600D /* Assets.xcassets in Resources */,
				33B7D43A2B5EBE9300BBCC4F /* astronauts.json in Resources */,
			);
			runOnlyForDeploymentPostprocessing = 0;
		};
/* End PBXResourcesBuildPhase section */

/* Begin PBXSourcesBuildPhase section */
		3323A1AE2B5DB0AE002C600D /* Sources */ = {
			isa = PBXSourcesBuildPhase;
			buildActionMask = 2147483647;
			files = (
				33B7D4362B5EBD9300BBCC4F /* FlexibleGridView.swift in Sources */,
				3323A1B82B5DB0AE002C600D /* ContentView.swift in Sources */,
				33B7D4402B5EC16900BBCC4F /* Mission.swift in Sources */,
				3323A1B62B5DB0AE002C600D /* MoonshotApp.swift in Sources */,
				33B7D43C2B5EBEFF00BBCC4F /* Astronaut.swift in Sources */,
				3323A1C42B5DB87A002C600D /* ScalingImageView.swift in Sources */,
				3312AC5C2B5FF7BA006A2827 /* AstronautView.swift in Sources */,
				33B7D43E2B5EBF7400BBCC4F /* Bundle-Decodable.swift in Sources */,
				3312AC582B5FDD79006A2827 /* Color-Theme.swift in Sources */,
				3323A1C62B5DBEBE002C600D /* DecodingJSONView.swift in Sources */,
				3312AC5A2B5FEFA1006A2827 /* MissionView.swift in Sources */,
			);
			runOnlyForDeploymentPostprocessing = 0;
		};
/* End PBXSourcesBuildPhase section */

/* Begin XCBuildConfiguration section */
		3323A1BE2B5DB0B2002C600D /* Debug */ = {
			isa = XCBuildConfiguration;
			buildSettings = {
				ALWAYS_SEARCH_USER_PATHS = NO;
				ASSETCATALOG_COMPILER_GENERATE_SWIFT_ASSET_SYMBOL_EXTENSIONS = YES;
				CLANG_ANALYZER_NONNULL = YES;
				CLANG_ANALYZER_NUMBER_OBJECT_CONVERSION = YES_AGGRESSIVE;
				CLANG_CXX_LANGUAGE_STANDARD = "gnu++20";
				CLANG_ENABLE_MODULES = YES;
				CLANG_ENABLE_OBJC_ARC = YES;
				CLANG_ENABLE_OBJC_WEAK = YES;
				CLANG_WARN_BLOCK_CAPTURE_AUTORELEASING = YES;
				CLANG_WARN_BOOL_CONVERSION = YES;
				CLANG_WARN_COMMA = YES;
				CLANG_WARN_CONSTANT_CONVERSION = YES;
				CLANG_WARN_DEPRECATED_OBJC_IMPLEMENTATIONS = YES;
				CLANG_WARN_DIRECT_OBJC_ISA_USAGE = YES_ERROR;
				CLANG_WARN_DOCUMENTATION_COMMENTS = YES;
				CLANG_WARN_EMPTY_BODY = YES;
				CLANG_WARN_ENUM_CONVERSION = YES;
				CLANG_WARN_INFINITE_RECURSION = YES;
				CLANG_WARN_INT_CONVERSION = YES;
				CLANG_WARN_NON_LITERAL_NULL_CONVERSION = YES;
				CLANG_WARN_OBJC_IMPLICIT_RETAIN_SELF = YES;
				CLANG_WARN_OBJC_LITERAL_CONVERSION = YES;
				CLANG_WARN_OBJC_ROOT_CLASS = YES_ERROR;
				CLANG_WARN_QUOTED_INCLUDE_IN_FRAMEWORK_HEADER = YES;
				CLANG_WARN_RANGE_LOOP_ANALYSIS = YES;
				CLANG_WARN_STRICT_PROTOTYPES = YES;
				CLANG_WARN_SUSPICIOUS_MOVE = YES;
				CLANG_WARN_UNGUARDED_AVAILABILITY = YES_AGGRESSIVE;
				CLANG_WARN_UNREACHABLE_CODE = YES;
				CLANG_WARN__DUPLICATE_METHOD_MATCH = YES;
				COPY_PHASE_STRIP = NO;
				DEBUG_INFORMATION_FORMAT = dwarf;
				ENABLE_STRICT_OBJC_MSGSEND = YES;
				ENABLE_TESTABILITY = YES;
				ENABLE_USER_SCRIPT_SANDBOXING = YES;
				GCC_C_LANGUAGE_STANDARD = gnu17;
				GCC_DYNAMIC_NO_PIC = NO;
				GCC_NO_COMMON_BLOCKS = YES;
				GCC_OPTIMIZATION_LEVEL = 0;
				GCC_PREPROCESSOR_DEFINITIONS = (
					"DEBUG=1",
					"$(inherited)",
				);
				GCC_WARN_64_TO_32_BIT_CONVERSION = YES;
				GCC_WARN_ABOUT_RETURN_TYPE = YES_ERROR;
				GCC_WARN_UNDECLARED_SELECTOR = YES;
				GCC_WARN_UNINITIALIZED_AUTOS = YES_AGGRESSIVE;
				GCC_WARN_UNUSED_FUNCTION = YES;
				GCC_WARN_UNUSED_VARIABLE = YES;
				IPHONEOS_DEPLOYMENT_TARGET = 17.2;
				LOCALIZATION_PREFERS_STRING_CATALOGS = YES;
				MTL_ENABLE_DEBUG_INFO = INCLUDE_SOURCE;
				MTL_FAST_MATH = YES;
				ONLY_ACTIVE_ARCH = YES;
				SDKROOT = iphoneos;
				SWIFT_ACTIVE_COMPILATION_CONDITIONS = "DEBUG $(inherited)";
				SWIFT_OPTIMIZATION_LEVEL = "-Onone";
			};
			name = Debug;
		};
		3323A1BF2B5DB0B2002C600D /* Release */ = {
			isa = XCBuildConfiguration;
			buildSettings = {
				ALWAYS_SEARCH_USER_PATHS = NO;
				ASSETCATALOG_COMPILER_GENERATE_SWIFT_ASSET_SYMBOL_EXTENSIONS = YES;
				CLANG_ANALYZER_NONNULL = YES;
				CLANG_ANALYZER_NUMBER_OBJECT_CONVERSION = YES_AGGRESSIVE;
				CLANG_CXX_LANGUAGE_STANDARD = "gnu++20";
				CLANG_ENABLE_MODULES = YES;
				CLANG_ENABLE_OBJC_ARC = YES;
				CLANG_ENABLE_OBJC_WEAK = YES;
				CLANG_WARN_BLOCK_CAPTURE_AUTORELEASING = YES;
				CLANG_WARN_BOOL_CONVERSION = YES;
				CLANG_WARN_COMMA = YES;
				CLANG_WARN_CONSTANT_CONVERSION = YES;
				CLANG_WARN_DEPRECATED_OBJC_IMPLEMENTATIONS = YES;
				CLANG_WARN_DIRECT_OBJC_ISA_USAGE = YES_ERROR;
				CLANG_WARN_DOCUMENTATION_COMMENTS = YES;
				CLANG_WARN_EMPTY_BODY = YES;
				CLANG_WARN_ENUM_CONVERSION = YES;
				CLANG_WARN_INFINITE_RECURSION = YES;
				CLANG_WARN_INT_CONVERSION = YES;
				CLANG_WARN_NON_LITERAL_NULL_CONVERSION = YES;
				CLANG_WARN_OBJC_IMPLICIT_RETAIN_SELF = YES;
				CLANG_WARN_OBJC_LITERAL_CONVERSION = YES;
				CLANG_WARN_OBJC_ROOT_CLASS = YES_ERROR;
				CLANG_WARN_QUOTED_INCLUDE_IN_FRAMEWORK_HEADER = YES;
				CLANG_WARN_RANGE_LOOP_ANALYSIS = YES;
				CLANG_WARN_STRICT_PROTOTYPES = YES;
				CLANG_WARN_SUSPICIOUS_MOVE = YES;
				CLANG_WARN_UNGUARDED_AVAILABILITY = YES_AGGRESSIVE;
				CLANG_WARN_UNREACHABLE_CODE = YES;
				CLANG_WARN__DUPLICATE_METHOD_MATCH = YES;
				COPY_PHASE_STRIP = NO;
				DEBUG_INFORMATION_FORMAT = "dwarf-with-dsym";
				ENABLE_NS_ASSERTIONS = NO;
				ENABLE_STRICT_OBJC_MSGSEND = YES;
				ENABLE_USER_SCRIPT_SANDBOXING = YES;
				GCC_C_LANGUAGE_STANDARD = gnu17;
				GCC_NO_COMMON_BLOCKS = YES;
				GCC_WARN_64_TO_32_BIT_CONVERSION = YES;
				GCC_WARN_ABOUT_RETURN_TYPE = YES_ERROR;
				GCC_WARN_UNDECLARED_SELECTOR = YES;
				GCC_WARN_UNINITIALIZED_AUTOS = YES_AGGRESSIVE;
				GCC_WARN_UNUSED_FUNCTION = YES;
				GCC_WARN_UNUSED_VARIABLE = YES;
				IPHONEOS_DEPLOYMENT_TARGET = 17.2;
				LOCALIZATION_PREFERS_STRING_CATALOGS = YES;
				MTL_ENABLE_DEBUG_INFO = NO;
				MTL_FAST_MATH = YES;
				SDKROOT = iphoneos;
				SWIFT_COMPILATION_MODE = wholemodule;
				VALIDATE_PRODUCT = YES;
			};
			name = Release;
		};
		3323A1C12B5DB0B2002C600D /* Debug */ = {
			isa = XCBuildConfiguration;
			buildSettings = {
				ASSETCATALOG_COMPILER_APPICON_NAME = AppIcon;
				ASSETCATALOG_COMPILER_GLOBAL_ACCENT_COLOR_NAME = AccentColor;
				CODE_SIGN_STYLE = Automatic;
				CURRENT_PROJECT_VERSION = 1;
				DEVELOPMENT_ASSET_PATHS = "\"Moonshot/Preview Content\"";
				DEVELOPMENT_TEAM = DM38AVA7BR;
				ENABLE_PREVIEWS = YES;
				GENERATE_INFOPLIST_FILE = YES;
				INFOPLIST_KEY_UIApplicationSceneManifest_Generation = YES;
				INFOPLIST_KEY_UIApplicationSupportsIndirectInputEvents = YES;
				INFOPLIST_KEY_UILaunchScreen_Generation = YES;
				INFOPLIST_KEY_UISupportedInterfaceOrientations_iPad = "UIInterfaceOrientationPortrait UIInterfaceOrientationPortraitUpsideDown UIInterfaceOrientationLandscapeLeft UIInterfaceOrientationLandscapeRight";
				INFOPLIST_KEY_UISupportedInterfaceOrientations_iPhone = "UIInterfaceOrientationPortrait UIInterfaceOrientationLandscapeLeft UIInterfaceOrientationLandscapeRight";
				LD_RUNPATH_SEARCH_PATHS = (
					"$(inherited)",
					"@executable_path/Frameworks",
				);
				MARKETING_VERSION = 1.0;
				PRODUCT_BUNDLE_IDENTIFIER = "com.olak-a.Moonshot";
				PRODUCT_NAME = "$(TARGET_NAME)";
				SWIFT_EMIT_LOC_STRINGS = YES;
				SWIFT_VERSION = 5.0;
				TARGETED_DEVICE_FAMILY = "1,2";
			};
			name = Debug;
		};
		3323A1C22B5DB0B2002C600D /* Release */ = {
			isa = XCBuildConfiguration;
			buildSettings = {
				ASSETCATALOG_COMPILER_APPICON_NAME = AppIcon;
				ASSETCATALOG_COMPILER_GLOBAL_ACCENT_COLOR_NAME = AccentColor;
				CODE_SIGN_STYLE = Automatic;
				CURRENT_PROJECT_VERSION = 1;
				DEVELOPMENT_ASSET_PATHS = "\"Moonshot/Preview Content\"";
				DEVELOPMENT_TEAM = DM38AVA7BR;
				ENABLE_PREVIEWS = YES;
				GENERATE_INFOPLIST_FILE = YES;
				INFOPLIST_KEY_UIApplicationSceneManifest_Generation = YES;
				INFOPLIST_KEY_UIApplicationSupportsIndirectInputEvents = YES;
				INFOPLIST_KEY_UILaunchScreen_Generation = YES;
				INFOPLIST_KEY_UISupportedInterfaceOrientations_iPad = "UIInterfaceOrientationPortrait UIInterfaceOrientationPortraitUpsideDown UIInterfaceOrientationLandscapeLeft UIInterfaceOrientationLandscapeRight";
				INFOPLIST_KEY_UISupportedInterfaceOrientations_iPhone = "UIInterfaceOrientationPortrait UIInterfaceOrientationLandscapeLeft UIInterfaceOrientationLandscapeRight";
				LD_RUNPATH_SEARCH_PATHS = (
					"$(inherited)",
					"@executable_path/Frameworks",
				);
				MARKETING_VERSION = 1.0;
				PRODUCT_BUNDLE_IDENTIFIER = "com.olak-a.Moonshot";
				PRODUCT_NAME = "$(TARGET_NAME)";
				SWIFT_EMIT_LOC_STRINGS = YES;
				SWIFT_VERSION = 5.0;
				TARGETED_DEVICE_FAMILY = "1,2";
			};
			name = Release;
		};
/* End XCBuildConfiguration section */

/* Begin XCConfigurationList section */
		3323A1AD2B5DB0AE002C600D /* Build configuration list for PBXProject "Moonshot" */ = {
			isa = XCConfigurationList;
			buildConfigurations = (
				3323A1BE2B5DB0B2002C600D /* Debug */,
				3323A1BF2B5DB0B2002C600D /* Release */,
			);
			defaultConfigurationIsVisible = 0;
			defaultConfigurationName = Release;
		};
		3323A1C02B5DB0B2002C600D /* Build configuration list for PBXNativeTarget "Moonshot" */ = {
			isa = XCConfigurationList;
			buildConfigurations = (
				3323A1C12B5DB0B2002C600D /* Debug */,
				3323A1C22B5DB0B2002C600D /* Release */,
			);
			defaultConfigurationIsVisible = 0;
			defaultConfigurationName = Release;
		};
/* End XCConfigurationList section */
	};
	rootObject = 3323A1AA2B5DB0AE002C600D /* Project object */;
}
